
Microsoft Visual Studio Solution File, Format Version 12.00
# Visual Studio 2013
VisualStudioVersion = 12.0.31101.0
MinimumVisualStudioVersion = 10.0.40219.1
Project("{8BC9CEB8-8B4A-11D0-8D11-00A0C91BC942}") = "NIST_UI", "NIST_UI\NIST_UI.vcxproj", "{416711E7-63D9-4B9E-B7E8-C2DC1E239E60}"
EndProject
Global
	GlobalSection(SolutionConfigurationPlatforms) = preSolution
		Debug|Win32 = Debug|Win32
		Release|Win32 = Release|Win32
	EndGlobalSection
	GlobalSection(ProjectConfigurationPlatforms) = postSolution
		{416711E7-63D9-4B9E-B7E8-C2DC1E239E60}.Debug|Win32.ActiveCfg = Debug|Win32
		{416711E7-63D9-4B9E-B7E8-C2DC1E239E60}.Debug|Win32.Build.0 = Debug|Win32
		{416711E7-63D9-4B9E-B7E8-C2DC1E239E60}.Release|Win32.ActiveCfg = Release|Win32
		{416711E7-63D9-4B9E-B7E8-C2DC1E239E60}.Release|Win32.Build.0 = Release|Win32
	EndGlobalSection
	GlobalSection(SolutionProperties) = preSolution
		HideSolutionNode = FALSE
	EndGlobalSection
EndGlobal
