
Microsoft Visual Studio Solution File, Format Version 12.00
# Visual Studio 2012
Project("{FAE04EC0-301F-11D3-BF4B-00C04F79EFBC}") = "СmpFiles", "СmpFiles\СmpFiles.csproj", "{DB58684C-61FF-41CA-9F72-8C310E23E68F}"
EndProject
Global
	GlobalSection(SolutionConfigurationPlatforms) = preSolution
		Debug|Any CPU = Debug|Any CPU
		Release|Any CPU = Release|Any CPU
	EndGlobalSection
	GlobalSection(ProjectConfigurationPlatforms) = postSolution
		{DB58684C-61FF-41CA-9F72-8C310E23E68F}.Debug|Any CPU.ActiveCfg = Debug|Any CPU
		{DB58684C-61FF-41CA-9F72-8C310E23E68F}.Debug|Any CPU.Build.0 = Debug|Any CPU
		{DB58684C-61FF-41CA-9F72-8C310E23E68F}.Release|Any CPU.ActiveCfg = Release|Any CPU
		{DB58684C-61FF-41CA-9F72-8C310E23E68F}.Release|Any CPU.Build.0 = Release|Any CPU
	EndGlobalSection
	GlobalSection(SolutionProperties) = preSolution
		HideSolutionNode = FALSE
	EndGlobalSection
EndGlobal
